
Microsoft Visual Studio Solution File, Format Version 12.00
# Visual Studio Version 16
VisualStudioVersion = 16.0.29411.108
MinimumVisualStudioVersion = 10.0.40219.1
Project("{FAE04EC0-301F-11D3-BF4B-00C04F79EFBC}") = "VegaAddins", "VegaAddins.csproj", "{F02A0443-3F83-4D89-93C5-D0D9BAC43E9D}"
EndProject
Global
	GlobalSection(SolutionConfigurationPlatforms) = preSolution
		Debug|Any CPU = Debug|Any CPU
		Release|Any CPU = Release|Any CPU
	EndGlobalSection
	GlobalSection(ProjectConfigurationPlatforms) = postSolution
		{F02A0443-3F83-4D89-93C5-D0D9BAC43E9D}.Debug|Any CPU.ActiveCfg = Debug|Any CPU
		{F02A0443-3F83-4D89-93C5-D0D9BAC43E9D}.Debug|Any CPU.Build.0 = Debug|Any CPU
		{F02A0443-3F83-4D89-93C5-D0D9BAC43E9D}.Release|Any CPU.ActiveCfg = Release|Any CPU
		{F02A0443-3F83-4D89-93C5-D0D9BAC43E9D}.Release|Any CPU.Build.0 = Release|Any CPU
	EndGlobalSection
	GlobalSection(SolutionProperties) = preSolution
		HideSolutionNode = FALSE
	EndGlobalSection
	GlobalSection(ExtensibilityGlobals) = postSolution
		SolutionGuid = {FB19161F-45B7-45A5-9007-BA04A7C1710C}
	EndGlobalSection
EndGlobal
